
Microsoft Visual Studio Solution File, Format Version 12.00
# Visual Studio Version 17
VisualStudioVersion = 17.13.35825.156 d17.13
MinimumVisualStudioVersion = 10.0.40219.1
Project("{FAE04EC0-301F-11D3-BF4B-00C04F79EFBC}") = "XcomQuery", "XcomQuery.csproj", "{C66DA4F2-F6A8-4B59-9433-B4122FA8BC44}"
EndProject
Global
	GlobalSection(SolutionConfigurationPlatforms) = preSolution
		Debug|Any CPU = Debug|Any CPU
		Release|Any CPU = Release|Any CPU
	EndGlobalSection
	GlobalSection(ProjectConfigurationPlatforms) = postSolution
		{C66DA4F2-F6A8-4B59-9433-B4122FA8BC44}.Debug|Any CPU.ActiveCfg = Debug|Any CPU
		{C66DA4F2-F6A8-4B59-9433-B4122FA8BC44}.Debug|Any CPU.Build.0 = Debug|Any CPU
		{C66DA4F2-F6A8-4B59-9433-B4122FA8BC44}.Release|Any CPU.ActiveCfg = Release|Any CPU
		{C66DA4F2-F6A8-4B59-9433-B4122FA8BC44}.Release|Any CPU.Build.0 = Release|Any CPU
	EndGlobalSection
	GlobalSection(SolutionProperties) = preSolution
		HideSolutionNode = FALSE
	EndGlobalSection
	GlobalSection(ExtensibilityGlobals) = postSolution
		SolutionGuid = {C5DB7F89-0503-48B6-984A-A13F3F9E5A6E}
	EndGlobalSection
EndGlobal
